
Microsoft Visual Studio Solution File, Format Version 12.00
# Visual Studio Version 16
VisualStudioVersion = 16.0.29926.136
MinimumVisualStudioVersion = 10.0.40219.1
Project("{FAE04EC0-301F-11D3-BF4B-00C04F79EFBC}") = "AirReconnaissance", "AirReconnaissance\AirReconnaissance.csproj", "{3703A419-A661-4BE8-9455-0BC221C4D7F5}"
EndProject
Global
	GlobalSection(SolutionConfigurationPlatforms) = preSolution
		Debug|Any CPU = Debug|Any CPU
		Release|Any CPU = Release|Any CPU
	EndGlobalSection
	GlobalSection(ProjectConfigurationPlatforms) = postSolution
		{3703A419-A661-4BE8-9455-0BC221C4D7F5}.Debug|Any CPU.ActiveCfg = Debug|Any CPU
		{3703A419-A661-4BE8-9455-0BC221C4D7F5}.Debug|Any CPU.Build.0 = Debug|Any CPU
		{3703A419-A661-4BE8-9455-0BC221C4D7F5}.Release|Any CPU.ActiveCfg = Release|Any CPU
		{3703A419-A661-4BE8-9455-0BC221C4D7F5}.Release|Any CPU.Build.0 = Release|Any CPU
	EndGlobalSection
	GlobalSection(SolutionProperties) = preSolution
		HideSolutionNode = FALSE
	EndGlobalSection
	GlobalSection(ExtensibilityGlobals) = postSolution
		SolutionGuid = {BDE9CBB0-2E37-412B-BE1C-1060E3A5C1E3}
	EndGlobalSection
EndGlobal
