
Microsoft Visual Studio Solution File, Format Version 12.00
# Visual Studio Version 16
VisualStudioVersion = 16.0.29009.5
MinimumVisualStudioVersion = 10.0.40219.1
Project("{FAE04EC0-301F-11D3-BF4B-00C04F79EFBC}") = "HW05", "HW05\HW05.csproj", "{DB9661BE-0D20-42CF-90E1-0D6B802810BF}"
EndProject
Global
	GlobalSection(SolutionConfigurationPlatforms) = preSolution
		Debug|Any CPU = Debug|Any CPU
		Release|Any CPU = Release|Any CPU
	EndGlobalSection
	GlobalSection(ProjectConfigurationPlatforms) = postSolution
		{DB9661BE-0D20-42CF-90E1-0D6B802810BF}.Debug|Any CPU.ActiveCfg = Debug|Any CPU
		{DB9661BE-0D20-42CF-90E1-0D6B802810BF}.Debug|Any CPU.Build.0 = Debug|Any CPU
		{DB9661BE-0D20-42CF-90E1-0D6B802810BF}.Release|Any CPU.ActiveCfg = Release|Any CPU
		{DB9661BE-0D20-42CF-90E1-0D6B802810BF}.Release|Any CPU.Build.0 = Release|Any CPU
	EndGlobalSection
	GlobalSection(SolutionProperties) = preSolution
		HideSolutionNode = FALSE
	EndGlobalSection
	GlobalSection(ExtensibilityGlobals) = postSolution
		SolutionGuid = {B99C330D-C424-45A7-B64E-6FF4FBD184E8}
	EndGlobalSection
EndGlobal
