
Microsoft Visual Studio Solution File, Format Version 12.00
# Visual Studio Version 16
VisualStudioVersion = 16.0.30128.74
MinimumVisualStudioVersion = 10.0.40219.1
Project("{FAE04EC0-301F-11D3-BF4B-00C04F79EFBC}") = "Chat.Server", "Chat\Chat.Server.csproj", "{344BB2C4-4015-4D5E-B72B-B84FEA10C163}"
EndProject
Project("{FAE04EC0-301F-11D3-BF4B-00C04F79EFBC}") = "Common", "Common\Common.csproj", "{DE1F95BB-9333-4110-B820-ACB96D8B2EDA}"
EndProject
Global
	GlobalSection(SolutionConfigurationPlatforms) = preSolution
		Debug|Any CPU = Debug|Any CPU
		Release|Any CPU = Release|Any CPU
	EndGlobalSection
	GlobalSection(ProjectConfigurationPlatforms) = postSolution
		{344BB2C4-4015-4D5E-B72B-B84FEA10C163}.Debug|Any CPU.ActiveCfg = Debug|Any CPU
		{344BB2C4-4015-4D5E-B72B-B84FEA10C163}.Debug|Any CPU.Build.0 = Debug|Any CPU
		{344BB2C4-4015-4D5E-B72B-B84FEA10C163}.Release|Any CPU.ActiveCfg = Release|Any CPU
		{344BB2C4-4015-4D5E-B72B-B84FEA10C163}.Release|Any CPU.Build.0 = Release|Any CPU
		{DE1F95BB-9333-4110-B820-ACB96D8B2EDA}.Debug|Any CPU.ActiveCfg = Debug|Any CPU
		{DE1F95BB-9333-4110-B820-ACB96D8B2EDA}.Debug|Any CPU.Build.0 = Debug|Any CPU
		{DE1F95BB-9333-4110-B820-ACB96D8B2EDA}.Release|Any CPU.ActiveCfg = Release|Any CPU
		{DE1F95BB-9333-4110-B820-ACB96D8B2EDA}.Release|Any CPU.Build.0 = Release|Any CPU
	EndGlobalSection
	GlobalSection(SolutionProperties) = preSolution
		HideSolutionNode = FALSE
	EndGlobalSection
	GlobalSection(ExtensibilityGlobals) = postSolution
		SolutionGuid = {67544D0D-1FA2-40D2-B250-8E26E21130A9}
	EndGlobalSection
EndGlobal
