
Microsoft Visual Studio Solution File, Format Version 12.00
# Visual Studio Version 16
VisualStudioVersion = 16.0.29521.150
MinimumVisualStudioVersion = 10.0.40219.1
Project("{FAE04EC0-301F-11D3-BF4B-00C04F79EFBC}") = "06_DayOfWeek", "06_DayOfWeek\06_DayOfWeek.csproj", "{F31FE39C-B33C-4526-880C-AAAEB7EF3817}"
EndProject
Global
	GlobalSection(SolutionConfigurationPlatforms) = preSolution
		Debug|Any CPU = Debug|Any CPU
		Release|Any CPU = Release|Any CPU
	EndGlobalSection
	GlobalSection(ProjectConfigurationPlatforms) = postSolution
		{F31FE39C-B33C-4526-880C-AAAEB7EF3817}.Debug|Any CPU.ActiveCfg = Debug|Any CPU
		{F31FE39C-B33C-4526-880C-AAAEB7EF3817}.Debug|Any CPU.Build.0 = Debug|Any CPU
		{F31FE39C-B33C-4526-880C-AAAEB7EF3817}.Release|Any CPU.ActiveCfg = Release|Any CPU
		{F31FE39C-B33C-4526-880C-AAAEB7EF3817}.Release|Any CPU.Build.0 = Release|Any CPU
	EndGlobalSection
	GlobalSection(SolutionProperties) = preSolution
		HideSolutionNode = FALSE
	EndGlobalSection
	GlobalSection(ExtensibilityGlobals) = postSolution
		SolutionGuid = {CE060B9E-CC0A-444F-BE78-ABE46DED352B}
	EndGlobalSection
EndGlobal
