
Microsoft Visual Studio Solution File, Format Version 12.00
# Visual Studio Version 16
VisualStudioVersion = 16.0.29521.150
MinimumVisualStudioVersion = 10.0.40219.1
Project("{FAE04EC0-301F-11D3-BF4B-00C04F79EFBC}") = "02_ComputerCompany", "02_ComputerCompany\02_ComputerCompany.csproj", "{08102ABF-7EAE-4867-976A-E91DD601B983}"
EndProject
Global
	GlobalSection(SolutionConfigurationPlatforms) = preSolution
		Debug|Any CPU = Debug|Any CPU
		Release|Any CPU = Release|Any CPU
	EndGlobalSection
	GlobalSection(ProjectConfigurationPlatforms) = postSolution
		{08102ABF-7EAE-4867-976A-E91DD601B983}.Debug|Any CPU.ActiveCfg = Debug|Any CPU
		{08102ABF-7EAE-4867-976A-E91DD601B983}.Debug|Any CPU.Build.0 = Debug|Any CPU
		{08102ABF-7EAE-4867-976A-E91DD601B983}.Release|Any CPU.ActiveCfg = Release|Any CPU
		{08102ABF-7EAE-4867-976A-E91DD601B983}.Release|Any CPU.Build.0 = Release|Any CPU
	EndGlobalSection
	GlobalSection(SolutionProperties) = preSolution
		HideSolutionNode = FALSE
	EndGlobalSection
	GlobalSection(ExtensibilityGlobals) = postSolution
		SolutionGuid = {E27AC10D-4CC9-485A-AB86-CEA4B3BDC28B}
	EndGlobalSection
EndGlobal
