
Microsoft Visual Studio Solution File, Format Version 12.00
# Visual Studio Version 16
VisualStudioVersion = 16.0.30128.74
MinimumVisualStudioVersion = 10.0.40219.1
Project("{FAE04EC0-301F-11D3-BF4B-00C04F79EFBC}") = "04-Products(Model)", "04-Products(Model)\04-Products(Model).csproj", "{CDAA0C0E-A1E5-4135-AD9F-79AB4D0D415E}"
EndProject
Global
	GlobalSection(SolutionConfigurationPlatforms) = preSolution
		Debug|Any CPU = Debug|Any CPU
		Release|Any CPU = Release|Any CPU
	EndGlobalSection
	GlobalSection(ProjectConfigurationPlatforms) = postSolution
		{CDAA0C0E-A1E5-4135-AD9F-79AB4D0D415E}.Debug|Any CPU.ActiveCfg = Debug|Any CPU
		{CDAA0C0E-A1E5-4135-AD9F-79AB4D0D415E}.Debug|Any CPU.Build.0 = Debug|Any CPU
		{CDAA0C0E-A1E5-4135-AD9F-79AB4D0D415E}.Release|Any CPU.ActiveCfg = Release|Any CPU
		{CDAA0C0E-A1E5-4135-AD9F-79AB4D0D415E}.Release|Any CPU.Build.0 = Release|Any CPU
	EndGlobalSection
	GlobalSection(SolutionProperties) = preSolution
		HideSolutionNode = FALSE
	EndGlobalSection
	GlobalSection(ExtensibilityGlobals) = postSolution
		SolutionGuid = {ABF57D02-4355-48B1-8C55-DE03D7173FCD}
	EndGlobalSection
EndGlobal
