
Microsoft Visual Studio Solution File, Format Version 12.00
# Visual Studio Version 16
VisualStudioVersion = 16.0.30128.74
MinimumVisualStudioVersion = 10.0.40219.1
Project("{FAE04EC0-301F-11D3-BF4B-00C04F79EFBC}") = "MyCalcLib", "MyCalcLib\MyCalcLib.csproj", "{0C521FDA-BE15-4F7B-888F-F61BC86785E3}"
EndProject
Project("{FAE04EC0-301F-11D3-BF4B-00C04F79EFBC}") = "MyCalcLib.Tests", "MyCalcLib.Tests\MyCalcLib.Tests.csproj", "{B4A78BF2-C44E-405E-AB9F-82F80A1C06B9}"
EndProject
Global
	GlobalSection(SolutionConfigurationPlatforms) = preSolution
		Debug|Any CPU = Debug|Any CPU
		Release|Any CPU = Release|Any CPU
	EndGlobalSection
	GlobalSection(ProjectConfigurationPlatforms) = postSolution
		{0C521FDA-BE15-4F7B-888F-F61BC86785E3}.Debug|Any CPU.ActiveCfg = Debug|Any CPU
		{0C521FDA-BE15-4F7B-888F-F61BC86785E3}.Debug|Any CPU.Build.0 = Debug|Any CPU
		{0C521FDA-BE15-4F7B-888F-F61BC86785E3}.Release|Any CPU.ActiveCfg = Release|Any CPU
		{0C521FDA-BE15-4F7B-888F-F61BC86785E3}.Release|Any CPU.Build.0 = Release|Any CPU
		{B4A78BF2-C44E-405E-AB9F-82F80A1C06B9}.Debug|Any CPU.ActiveCfg = Debug|Any CPU
		{B4A78BF2-C44E-405E-AB9F-82F80A1C06B9}.Debug|Any CPU.Build.0 = Debug|Any CPU
		{B4A78BF2-C44E-405E-AB9F-82F80A1C06B9}.Release|Any CPU.ActiveCfg = Release|Any CPU
		{B4A78BF2-C44E-405E-AB9F-82F80A1C06B9}.Release|Any CPU.Build.0 = Release|Any CPU
	EndGlobalSection
	GlobalSection(SolutionProperties) = preSolution
		HideSolutionNode = FALSE
	EndGlobalSection
	GlobalSection(ExtensibilityGlobals) = postSolution
		SolutionGuid = {D11AF138-5C46-421E-9047-4A9776D88497}
	EndGlobalSection
EndGlobal
