
Microsoft Visual Studio Solution File, Format Version 12.00
# Visual Studio Version 16
VisualStudioVersion = 16.0.30128.74
MinimumVisualStudioVersion = 10.0.40219.1
Project("{FAE04EC0-301F-11D3-BF4B-00C04F79EFBC}") = "Fridges", "Fridges\Fridges.csproj", "{2828C166-5730-4C91-8BDC-779BC5AA76EF}"
EndProject
Global
	GlobalSection(SolutionConfigurationPlatforms) = preSolution
		Debug|Any CPU = Debug|Any CPU
		Release|Any CPU = Release|Any CPU
	EndGlobalSection
	GlobalSection(ProjectConfigurationPlatforms) = postSolution
		{2828C166-5730-4C91-8BDC-779BC5AA76EF}.Debug|Any CPU.ActiveCfg = Debug|Any CPU
		{2828C166-5730-4C91-8BDC-779BC5AA76EF}.Debug|Any CPU.Build.0 = Debug|Any CPU
		{2828C166-5730-4C91-8BDC-779BC5AA76EF}.Release|Any CPU.ActiveCfg = Release|Any CPU
		{2828C166-5730-4C91-8BDC-779BC5AA76EF}.Release|Any CPU.Build.0 = Release|Any CPU
	EndGlobalSection
	GlobalSection(SolutionProperties) = preSolution
		HideSolutionNode = FALSE
	EndGlobalSection
	GlobalSection(ExtensibilityGlobals) = postSolution
		SolutionGuid = {425A39C4-5819-49AA-BF5C-B6FD8DD77BD6}
	EndGlobalSection
EndGlobal
