
Microsoft Visual Studio Solution File, Format Version 12.00
# Visual Studio Version 16
VisualStudioVersion = 16.0.29926.136
MinimumVisualStudioVersion = 10.0.40219.1
Project("{FAE04EC0-301F-11D3-BF4B-00C04F79EFBC}") = "Chess", "Chess\Chess.csproj", "{07D6F86A-C3C0-47CB-9A32-4D1946885EBA}"
EndProject
Global
	GlobalSection(SolutionConfigurationPlatforms) = preSolution
		Debug|Any CPU = Debug|Any CPU
		Release|Any CPU = Release|Any CPU
	EndGlobalSection
	GlobalSection(ProjectConfigurationPlatforms) = postSolution
		{07D6F86A-C3C0-47CB-9A32-4D1946885EBA}.Debug|Any CPU.ActiveCfg = Debug|Any CPU
		{07D6F86A-C3C0-47CB-9A32-4D1946885EBA}.Debug|Any CPU.Build.0 = Debug|Any CPU
		{07D6F86A-C3C0-47CB-9A32-4D1946885EBA}.Release|Any CPU.ActiveCfg = Release|Any CPU
		{07D6F86A-C3C0-47CB-9A32-4D1946885EBA}.Release|Any CPU.Build.0 = Release|Any CPU
	EndGlobalSection
	GlobalSection(SolutionProperties) = preSolution
		HideSolutionNode = FALSE
	EndGlobalSection
	GlobalSection(ExtensibilityGlobals) = postSolution
		SolutionGuid = {3671CFEC-F080-4F1C-955A-C8BC2CA1D54F}
	EndGlobalSection
EndGlobal
