
Microsoft Visual Studio Solution File, Format Version 12.00
# Visual Studio Version 16
VisualStudioVersion = 16.0.30128.74
MinimumVisualStudioVersion = 10.0.40219.1
Project("{FAE04EC0-301F-11D3-BF4B-00C04F79EFBC}") = "ProjectTwoCore", "ProjectTwoCore\ProjectTwoCore.csproj", "{B5C13CA7-4E9D-4253-B25F-F1CB8249889A}"
EndProject
Project("{FAE04EC0-301F-11D3-BF4B-00C04F79EFBC}") = "ProjectTwoCore.Tests", "ProjectTwoCore.Tests\ProjectTwoCore.Tests.csproj", "{380E4163-371C-44E8-A38F-C130BD705196}"
EndProject
Global
	GlobalSection(SolutionConfigurationPlatforms) = preSolution
		Debug|Any CPU = Debug|Any CPU
		Release|Any CPU = Release|Any CPU
	EndGlobalSection
	GlobalSection(ProjectConfigurationPlatforms) = postSolution
		{B5C13CA7-4E9D-4253-B25F-F1CB8249889A}.Debug|Any CPU.ActiveCfg = Debug|Any CPU
		{B5C13CA7-4E9D-4253-B25F-F1CB8249889A}.Debug|Any CPU.Build.0 = Debug|Any CPU
		{B5C13CA7-4E9D-4253-B25F-F1CB8249889A}.Release|Any CPU.ActiveCfg = Release|Any CPU
		{B5C13CA7-4E9D-4253-B25F-F1CB8249889A}.Release|Any CPU.Build.0 = Release|Any CPU
		{380E4163-371C-44E8-A38F-C130BD705196}.Debug|Any CPU.ActiveCfg = Debug|Any CPU
		{380E4163-371C-44E8-A38F-C130BD705196}.Debug|Any CPU.Build.0 = Debug|Any CPU
		{380E4163-371C-44E8-A38F-C130BD705196}.Release|Any CPU.ActiveCfg = Release|Any CPU
		{380E4163-371C-44E8-A38F-C130BD705196}.Release|Any CPU.Build.0 = Release|Any CPU
	EndGlobalSection
	GlobalSection(SolutionProperties) = preSolution
		HideSolutionNode = FALSE
	EndGlobalSection
	GlobalSection(ExtensibilityGlobals) = postSolution
		SolutionGuid = {ACF0BB4A-DE78-4A71-B4A2-6BDE4217387B}
	EndGlobalSection
EndGlobal
